
Microsoft Visual Studio Solution File, Format Version 12.00
# Visual Studio Version 17
VisualStudioVersion = 17.8.34525.116
MinimumVisualStudioVersion = 10.0.40219.1
Project("{FAE04EC0-301F-11D3-BF4B-00C04F79EFBC}") = "Queues", "Queues\Queues.csproj", "{2F2CE916-1927-40C6-9856-ABF0C4415176}"
EndProject
Project("{FAE04EC0-301F-11D3-BF4B-00C04F79EFBC}") = "GenericQueue", "GenericQueue\GenericQueue.csproj", "{DD91AA09-DCA4-4832-8FCC-91E0C9904C9B}"
EndProject
Project("{FAE04EC0-301F-11D3-BF4B-00C04F79EFBC}") = "prjPriorityLinkedListQueue", "prjPriorityLinkedListQueue\prjPriorityLinkedListQueue.csproj", "{CA1C335D-0878-44E8-9094-F8808AE43A56}"
EndProject
Project("{FAE04EC0-301F-11D3-BF4B-00C04F79EFBC}") = "LInkedListQueues", "LInkedListQueues\LInkedListQueues.csproj", "{2B18280E-5B95-4CD6-A18C-4E3C15B670CC}"
EndProject
Global
	GlobalSection(SolutionConfigurationPlatforms) = preSolution
		Debug|Any CPU = Debug|Any CPU
		Release|Any CPU = Release|Any CPU
	EndGlobalSection
	GlobalSection(ProjectConfigurationPlatforms) = postSolution
		{2F2CE916-1927-40C6-9856-ABF0C4415176}.Debug|Any CPU.ActiveCfg = Debug|Any CPU
		{2F2CE916-1927-40C6-9856-ABF0C4415176}.Debug|Any CPU.Build.0 = Debug|Any CPU
		{2F2CE916-1927-40C6-9856-ABF0C4415176}.Release|Any CPU.ActiveCfg = Release|Any CPU
		{2F2CE916-1927-40C6-9856-ABF0C4415176}.Release|Any CPU.Build.0 = Release|Any CPU
		{DD91AA09-DCA4-4832-8FCC-91E0C9904C9B}.Debug|Any CPU.ActiveCfg = Debug|Any CPU
		{DD91AA09-DCA4-4832-8FCC-91E0C9904C9B}.Debug|Any CPU.Build.0 = Debug|Any CPU
		{DD91AA09-DCA4-4832-8FCC-91E0C9904C9B}.Release|Any CPU.ActiveCfg = Release|Any CPU
		{DD91AA09-DCA4-4832-8FCC-91E0C9904C9B}.Release|Any CPU.Build.0 = Release|Any CPU
		{CA1C335D-0878-44E8-9094-F8808AE43A56}.Debug|Any CPU.ActiveCfg = Debug|Any CPU
		{CA1C335D-0878-44E8-9094-F8808AE43A56}.Debug|Any CPU.Build.0 = Debug|Any CPU
		{CA1C335D-0878-44E8-9094-F8808AE43A56}.Release|Any CPU.ActiveCfg = Release|Any CPU
		{CA1C335D-0878-44E8-9094-F8808AE43A56}.Release|Any CPU.Build.0 = Release|Any CPU
		{2B18280E-5B95-4CD6-A18C-4E3C15B670CC}.Debug|Any CPU.ActiveCfg = Debug|Any CPU
		{2B18280E-5B95-4CD6-A18C-4E3C15B670CC}.Debug|Any CPU.Build.0 = Debug|Any CPU
		{2B18280E-5B95-4CD6-A18C-4E3C15B670CC}.Release|Any CPU.ActiveCfg = Release|Any CPU
		{2B18280E-5B95-4CD6-A18C-4E3C15B670CC}.Release|Any CPU.Build.0 = Release|Any CPU
	EndGlobalSection
	GlobalSection(SolutionProperties) = preSolution
		HideSolutionNode = FALSE
	EndGlobalSection
	GlobalSection(ExtensibilityGlobals) = postSolution
		SolutionGuid = {798839B6-12B1-4322-B1A9-5DB59B46F7F8}
	EndGlobalSection
EndGlobal
